
Microsoft Visual Studio Solution File, Format Version 12.00
# Visual Studio Version 17
VisualStudioVersion = 17.0.32014.148
MinimumVisualStudioVersion = 10.0.40219.1
Project("{FAE04EC0-301F-11D3-BF4B-00C04F79EFBC}") = "TodoListBlazorWasm", "TodoListBlazorWasm.csproj", "{B71D0FE2-6D72-4A00-AA69-8C24FEF26A13}"
EndProject
Global
	GlobalSection(SolutionConfigurationPlatforms) = preSolution
		Debug|Any CPU = Debug|Any CPU
		Release|Any CPU = Release|Any CPU
	EndGlobalSection
	GlobalSection(ProjectConfigurationPlatforms) = postSolution
		{B71D0FE2-6D72-4A00-AA69-8C24FEF26A13}.Debug|Any CPU.ActiveCfg = Debug|Any CPU
		{B71D0FE2-6D72-4A00-AA69-8C24FEF26A13}.Debug|Any CPU.Build.0 = Debug|Any CPU
		{B71D0FE2-6D72-4A00-AA69-8C24FEF26A13}.Release|Any CPU.ActiveCfg = Release|Any CPU
		{B71D0FE2-6D72-4A00-AA69-8C24FEF26A13}.Release|Any CPU.Build.0 = Release|Any CPU
	EndGlobalSection
	GlobalSection(SolutionProperties) = preSolution
		HideSolutionNode = FALSE
	EndGlobalSection
	GlobalSection(ExtensibilityGlobals) = postSolution
		SolutionGuid = {12DDFCE7-43AB-4AFB-81E9-555F5E770975}
	EndGlobalSection
EndGlobal
